// !$*UTF8*$!
{
	archiveVersion = 1;
	classes = {
	};
	objectVersion = 55;
	objects = {

/* Begin PBXBuildFile section */
		EEC9DC6C27DB803B00AF9C3F /* NextFlix_SwiftApp.swift in Sources */ = {isa = PBXBuildFile; fileRef = EEC9DC6B27DB803B00AF9C3F /* NextFlix_SwiftApp.swift */; };
		EEC9DC7027DB804000AF9C3F /* Assets.xcassets in Resources */ = {isa = PBXBuildFile; fileRef = EEC9DC6F27DB804000AF9C3F /* Assets.xcassets */; };
		EEC9DC7327DB804000AF9C3F /* Preview Assets.xcassets in Resources */ = {isa = PBXBuildFile; fileRef = EEC9DC7227DB804000AF9C3F /* Preview Assets.xcassets */; };
		EEC9DC7527DB804000AF9C3F /* Persistence.swift in Sources */ = {isa = PBXBuildFile; fileRef = EEC9DC7427DB804000AF9C3F /* Persistence.swift */; };
		EEC9DC7827DB804000AF9C3F /* NextFlix_Swift.xcdatamodeld in Sources */ = {isa = PBXBuildFile; fileRef = EEC9DC7627DB804000AF9C3F /* NextFlix_Swift.xcdatamodeld */; };
		EEC9DC8227DB804000AF9C3F /* NextFlix_SwiftTests.swift in Sources */ = {isa = PBXBuildFile; fileRef = EEC9DC8127DB804000AF9C3F /* NextFlix_SwiftTests.swift */; };
		EEC9DC8C27DB804000AF9C3F /* NextFlix_SwiftUITests.swift in Sources */ = {isa = PBXBuildFile; fileRef = EEC9DC8B27DB804000AF9C3F /* NextFlix_SwiftUITests.swift */; };
		EEC9DC8E27DB804000AF9C3F /* NextFlix_SwiftUITestsLaunchTests.swift in Sources */ = {isa = PBXBuildFile; fileRef = EEC9DC8D27DB804000AF9C3F /* NextFlix_SwiftUITestsLaunchTests.swift */; };
		EEC9DC9D27DB868B00AF9C3F /* FirstTabView.swift in Sources */ = {isa = PBXBuildFile; fileRef = EEC9DC9C27DB868B00AF9C3F /* FirstTabView.swift */; };
		EEC9DC9F27DB86C400AF9C3F /* SecondTabView.swift in Sources */ = {isa = PBXBuildFile; fileRef = EEC9DC9E27DB86C400AF9C3F /* SecondTabView.swift */; };
		EEC9DCA127DB87D200AF9C3F /* HomeScreen.swift in Sources */ = {isa = PBXBuildFile; fileRef = EEC9DCA027DB87D200AF9C3F /* HomeScreen.swift */; };
/* End PBXBuildFile section */

/* Begin PBXContainerItemProxy section */
		EEC9DC7E27DB804000AF9C3F /* PBXContainerItemProxy */ = {
			isa = PBXContainerItemProxy;
			containerPortal = EEC9DC6027DB803B00AF9C3F /* Project object */;
			proxyType = 1;
			remoteGlobalIDString = EEC9DC6727DB803B00AF9C3F;
			remoteInfo = "NextFlix-Swift";
		};
		EEC9DC8827DB804000AF9C3F /* PBXContainerItemProxy */ = {
			isa = PBXContainerItemProxy;
			containerPortal = EEC9DC6027DB803B00AF9C3F /* Project object */;
			proxyType = 1;
			remoteGlobalIDString = EEC9DC6727DB803B00AF9C3F;
			remoteInfo = "NextFlix-Swift";
		};
/* End PBXContainerItemProxy section */

/* Begin PBXFileReference section */
		EEC9DC6827DB803B00AF9C3F /* NextFlix-Swift.app */ = {isa = PBXFileReference; explicitFileType = wrapper.application; includeInIndex = 0; path = "NextFlix-Swift.app"; sourceTree = BUILT_PRODUCTS_DIR; };
		EEC9DC6B27DB803B00AF9C3F /* NextFlix_SwiftApp.swift */ = {isa = PBXFileReference; lastKnownFileType = sourcecode.swift; path = NextFlix_SwiftApp.swift; sourceTree = "<group>"; };
		EEC9DC6F27DB804000AF9C3F /* Assets.xcassets */ = {isa = PBXFileReference; lastKnownFileType = folder.assetcatalog; path = Assets.xcassets; sourceTree = "<group>"; };
		EEC9DC7227DB804000AF9C3F /* Preview Assets.xcassets */ = {isa = PBXFileReference; lastKnownFileType = folder.assetcatalog; path = "Preview Assets.xcassets"; sourceTree = "<group>"; };
		EEC9DC7427DB804000AF9C3F /* Persistence.swift */ = {isa = PBXFileReference; lastKnownFileType = sourcecode.swift; path = Persistence.swift; sourceTree = "<group>"; };
		EEC9DC7727DB804000AF9C3F /* NextFlix_Swift.xcdatamodel */ = {isa = PBXFileReference; lastKnownFileType = wrapper.xcdatamodel; path = NextFlix_Swift.xcdatamodel; sourceTree = "<group>"; };
		EEC9DC7D27DB804000AF9C3F /* NextFlix-SwiftTests.xctest */ = {isa = PBXFileReference; explicitFileType = wrapper.cfbundle; includeInIndex = 0; path = "NextFlix-SwiftTests.xctest"; sourceTree = BUILT_PRODUCTS_DIR; };
		EEC9DC8127DB804000AF9C3F /* NextFlix_SwiftTests.swift */ = {isa = PBXFileReference; lastKnownFileType = sourcecode.swift; path = NextFlix_SwiftTests.swift; sourceTree = "<group>"; };
		EEC9DC8727DB804000AF9C3F /* NextFlix-SwiftUITests.xctest */ = {isa = PBXFileReference; explicitFileType = wrapper.cfbundle; includeInIndex = 0; path = "NextFlix-SwiftUITests.xctest"; sourceTree = BUILT_PRODUCTS_DIR; };
		EEC9DC8B27DB804000AF9C3F /* NextFlix_SwiftUITests.swift */ = {isa = PBXFileReference; lastKnownFileType = sourcecode.swift; path = NextFlix_SwiftUITests.swift; sourceTree = "<group>"; };
		EEC9DC8D27DB804000AF9C3F /* NextFlix_SwiftUITestsLaunchTests.swift */ = {isa = PBXFileReference; lastKnownFileType = sourcecode.swift; path = NextFlix_SwiftUITestsLaunchTests.swift; sourceTree = "<group>"; };
		EEC9DC9C27DB868B00AF9C3F /* FirstTabView.swift */ = {isa = PBXFileReference; lastKnownFileType = sourcecode.swift; path = FirstTabView.swift; sourceTree = "<group>"; };
		EEC9DC9E27DB86C400AF9C3F /* SecondTabView.swift */ = {isa = PBXFileReference; lastKnownFileType = sourcecode.swift; path = SecondTabView.swift; sourceTree = "<group>"; };
		EEC9DCA027DB87D200AF9C3F /* HomeScreen.swift */ = {isa = PBXFileReference; lastKnownFileType = sourcecode.swift; path = HomeScreen.swift; sourceTree = "<group>"; };
/* End PBXFileReference section */

/* Begin PBXFrameworksBuildPhase section */
		EEC9DC6527DB803B00AF9C3F /* Frameworks */ = {
			isa = PBXFrameworksBuildPhase;
			buildActionMask = 2147483647;
			files = (
			);
			runOnlyForDeploymentPostprocessing = 0;
		};
		EEC9DC7A27DB804000AF9C3F /* Frameworks */ = {
			isa = PBXFrameworksBuildPhase;
			buildActionMask = 2147483647;
			files = (
			);
			runOnlyForDeploymentPostprocessing = 0;
		};
		EEC9DC8427DB804000AF9C3F /* Frameworks */ = {
			isa = PBXFrameworksBuildPhase;
			buildActionMask = 2147483647;
			files = (
			);
			runOnlyForDeploymentPostprocessing = 0;
		};
/* End PBXFrameworksBuildPhase section */

/* Begin PBXGroup section */
		EEC9DC5F27DB803B00AF9C3F = {
			isa = PBXGroup;
			children = (
				EEC9DC6A27DB803B00AF9C3F /* NextFlix-Swift */,
				EEC9DC8027DB804000AF9C3F /* NextFlix-SwiftTests */,
				EEC9DC8A27DB804000AF9C3F /* NextFlix-SwiftUITests */,
				EEC9DC6927DB803B00AF9C3F /* Products */,
			);
			sourceTree = "<group>";
		};
		EEC9DC6927DB803B00AF9C3F /* Products */ = {
			isa = PBXGroup;
			children = (
				EEC9DC6827DB803B00AF9C3F /* NextFlix-Swift.app */,
				EEC9DC7D27DB804000AF9C3F /* NextFlix-SwiftTests.xctest */,
				EEC9DC8727DB804000AF9C3F /* NextFlix-SwiftUITests.xctest */,
			);
			name = Products;
			sourceTree = "<group>";
		};
		EEC9DC6A27DB803B00AF9C3F /* NextFlix-Swift */ = {
			isa = PBXGroup;
			children = (
				EEC9DCA227DBA2D400AF9C3F /* Features */,
				EEC9DC6B27DB803B00AF9C3F /* NextFlix_SwiftApp.swift */,
				EEC9DC6F27DB804000AF9C3F /* Assets.xcassets */,
				EEC9DC7427DB804000AF9C3F /* Persistence.swift */,
				EEC9DC7627DB804000AF9C3F /* NextFlix_Swift.xcdatamodeld */,
				EEC9DC7127DB804000AF9C3F /* Preview Content */,
			);
			path = "NextFlix-Swift";
			sourceTree = "<group>";
		};
		EEC9DC7127DB804000AF9C3F /* Preview Content */ = {
			isa = PBXGroup;
			children = (
				EEC9DC7227DB804000AF9C3F /* Preview Assets.xcassets */,
			);
			path = "Preview Content";
			sourceTree = "<group>";
		};
		EEC9DC8027DB804000AF9C3F /* NextFlix-SwiftTests */ = {
			isa = PBXGroup;
			children = (
				EEC9DC8127DB804000AF9C3F /* NextFlix_SwiftTests.swift */,
			);
			path = "NextFlix-SwiftTests";
			sourceTree = "<group>";
		};
		EEC9DC8A27DB804000AF9C3F /* NextFlix-SwiftUITests */ = {
			isa = PBXGroup;
			children = (
				EEC9DC8B27DB804000AF9C3F /* NextFlix_SwiftUITests.swift */,
				EEC9DC8D27DB804000AF9C3F /* NextFlix_SwiftUITestsLaunchTests.swift */,
			);
			path = "NextFlix-SwiftUITests";
			sourceTree = "<group>";
		};
		EEC9DCA227DBA2D400AF9C3F /* Features */ = {
			isa = PBXGroup;
			children = (
				EEC9DC9C27DB868B00AF9C3F /* FirstTabView.swift */,
				EEC9DC9E27DB86C400AF9C3F /* SecondTabView.swift */,
				EEC9DCA027DB87D200AF9C3F /* HomeScreen.swift */,
			);
			path = Features;
			sourceTree = "<group>";
		};
/* End PBXGroup section */

/* Begin PBXNativeTarget section */
		EEC9DC6727DB803B00AF9C3F /* NextFlix-Swift */ = {
			isa = PBXNativeTarget;
			buildConfigurationList = EEC9DC9127DB804000AF9C3F /* Build configuration list for PBXNativeTarget "NextFlix-Swift" */;
			buildPhases = (
				EEC9DC6427DB803B00AF9C3F /* Sources */,
				EEC9DC6527DB803B00AF9C3F /* Frameworks */,
				EEC9DC6627DB803B00AF9C3F /* Resources */,
			);
			buildRules = (
			);
			dependencies = (
			);
			name = "NextFlix-Swift";
			productName = "NextFlix-Swift";
			productReference = EEC9DC6827DB803B00AF9C3F /* NextFlix-Swift.app */;
			productType = "com.apple.product-type.application";
		};
		EEC9DC7C27DB804000AF9C3F /* NextFlix-SwiftTests */ = {
			isa = PBXNativeTarget;
			buildConfigurationList = EEC9DC9427DB804000AF9C3F /* Build configuration list for PBXNativeTarget "NextFlix-SwiftTests" */;
			buildPhases = (
				EEC9DC7927DB804000AF9C3F /* Sources */,
				EEC9DC7A27DB804000AF9C3F /* Frameworks */,
				EEC9DC7B27DB804000AF9C3F /* Resources */,
			);
			buildRules = (
			);
			dependencies = (
				EEC9DC7F27DB804000AF9C3F /* PBXTargetDependency */,
			);
			name = "NextFlix-SwiftTests";
			productName = "NextFlix-SwiftTests";
			productReference = EEC9DC7D27DB804000AF9C3F /* NextFlix-SwiftTests.xctest */;
			productType = "com.apple.product-type.bundle.unit-test";
		};
		EEC9DC8627DB804000AF9C3F /* NextFlix-SwiftUITests */ = {
			isa = PBXNativeTarget;
			buildConfigurationList = EEC9DC9727DB804000AF9C3F /* Build configuration list for PBXNativeTarget "NextFlix-SwiftUITests" */;
			buildPhases = (
				EEC9DC8327DB804000AF9C3F /* Sources */,
				EEC9DC8427DB804000AF9C3F /* Frameworks */,
				EEC9DC8527DB804000AF9C3F /* Resources */,
			);
			buildRules = (
			);
			dependencies = (
				EEC9DC8927DB804000AF9C3F /* PBXTargetDependency */,
			);
			name = "NextFlix-SwiftUITests";
			productName = "NextFlix-SwiftUITests";
			productReference = EEC9DC8727DB804000AF9C3F /* NextFlix-SwiftUITests.xctest */;
			productType = "com.apple.product-type.bundle.ui-testing";
		};
/* End PBXNativeTarget section */

/* Begin PBXProject section */
		EEC9DC6027DB803B00AF9C3F /* Project object */ = {
			isa = PBXProject;
			attributes = {
				BuildIndependentTargetsInParallel = 1;
				LastSwiftUpdateCheck = 1320;
				LastUpgradeCheck = 1320;
				TargetAttributes = {
					EEC9DC6727DB803B00AF9C3F = {
						CreatedOnToolsVersion = 13.2.1;
					};
					EEC9DC7C27DB804000AF9C3F = {
						CreatedOnToolsVersion = 13.2.1;
						TestTargetID = EEC9DC6727DB803B00AF9C3F;
					};
					EEC9DC8627DB804000AF9C3F = {
						CreatedOnToolsVersion = 13.2.1;
						TestTargetID = EEC9DC6727DB803B00AF9C3F;
					};
				};
			};
			buildConfigurationList = EEC9DC6327DB803B00AF9C3F /* Build configuration list for PBXProject "NextFlix-Swift" */;
			compatibilityVersion = "Xcode 13.0";
			developmentRegion = en;
			hasScannedForEncodings = 0;
			knownRegions = (
				en,
				Base,
			);
			mainGroup = EEC9DC5F27DB803B00AF9C3F;
			productRefGroup = EEC9DC6927DB803B00AF9C3F /* Products */;
			projectDirPath = "";
			projectRoot = "";
			targets = (
				EEC9DC6727DB803B00AF9C3F /* NextFlix-Swift */,
				EEC9DC7C27DB804000AF9C3F /* NextFlix-SwiftTests */,
				EEC9DC8627DB804000AF9C3F /* NextFlix-SwiftUITests */,
			);
		};
/* End PBXProject section */

/* Begin PBXResourcesBuildPhase section */
		EEC9DC6627DB803B00AF9C3F /* Resources */ = {
			isa = PBXResourcesBuildPhase;
			buildActionMask = 2147483647;
			files = (
				EEC9DC7327DB804000AF9C3F /* Preview Assets.xcassets in Resources */,
				EEC9DC7027DB804000AF9C3F /* Assets.xcassets in Resources */,
			);
			runOnlyForDeploymentPostprocessing = 0;
		};
		EEC9DC7B27DB804000AF9C3F /* Resources */ = {
			isa = PBXResourcesBuildPhase;
			buildActionMask = 2147483647;
			files = (
			);
			runOnlyForDeploymentPostprocessing = 0;
		};
		EEC9DC8527DB804000AF9C3F /* Resources */ = {
			isa = PBXResourcesBuildPhase;
			buildActionMask = 2147483647;
			files = (
			);
			runOnlyForDeploymentPostprocessing = 0;
		};
/* End PBXResourcesBuildPhase section */

/* Begin PBXSourcesBuildPhase section */
		EEC9DC6427DB803B00AF9C3F /* Sources */ = {
			isa = PBXSourcesBuildPhase;
			buildActionMask = 2147483647;
			files = (
				EEC9DC9D27DB868B00AF9C3F /* FirstTabView.swift in Sources */,
				EEC9DC7527DB804000AF9C3F /* Persistence.swift in Sources */,
				EEC9DCA127DB87D200AF9C3F /* HomeScreen.swift in Sources */,
				EEC9DC7827DB804000AF9C3F /* NextFlix_Swift.xcdatamodeld in Sources */,
				EEC9DC9F27DB86C400AF9C3F /* SecondTabView.swift in Sources */,
				EEC9DC6C27DB803B00AF9C3F /* NextFlix_SwiftApp.swift in Sources */,
			);
			runOnlyForDeploymentPostprocessing = 0;
		};
		EEC9DC7927DB804000AF9C3F /* Sources */ = {
			isa = PBXSourcesBuildPhase;
			buildActionMask = 2147483647;
			files = (
				EEC9DC8227DB804000AF9C3F /* NextFlix_SwiftTests.swift in Sources */,
			);
			runOnlyForDeploymentPostprocessing = 0;
		};
		EEC9DC8327DB804000AF9C3F /* Sources */ = {
			isa = PBXSourcesBuildPhase;
			buildActionMask = 2147483647;
			files = (
				EEC9DC8E27DB804000AF9C3F /* NextFlix_SwiftUITestsLaunchTests.swift in Sources */,
				EEC9DC8C27DB804000AF9C3F /* NextFlix_SwiftUITests.swift in Sources */,
			);
			runOnlyForDeploymentPostprocessing = 0;
		};
/* End PBXSourcesBuildPhase section */

/* Begin PBXTargetDependency section */
		EEC9DC7F27DB804000AF9C3F /* PBXTargetDependency */ = {
			isa = PBXTargetDependency;
			target = EEC9DC6727DB803B00AF9C3F /* NextFlix-Swift */;
			targetProxy = EEC9DC7E27DB804000AF9C3F /* PBXContainerItemProxy */;
		};
		EEC9DC8927DB804000AF9C3F /* PBXTargetDependency */ = {
			isa = PBXTargetDependency;
			target = EEC9DC6727DB803B00AF9C3F /* NextFlix-Swift */;
			targetProxy = EEC9DC8827DB804000AF9C3F /* PBXContainerItemProxy */;
		};
/* End PBXTargetDependency section */

/* Begin XCBuildConfiguration section */
		EEC9DC8F27DB804000AF9C3F /* Debug */ = {
			isa = XCBuildConfiguration;
			buildSettings = {
				ALWAYS_SEARCH_USER_PATHS = NO;
				CLANG_ANALYZER_NONNULL = YES;
				CLANG_ANALYZER_NUMBER_OBJECT_CONVERSION = YES_AGGRESSIVE;
				CLANG_CXX_LANGUAGE_STANDARD = "gnu++17";
				CLANG_CXX_LIBRARY = "libc++";
				CLANG_ENABLE_MODULES = YES;
				CLANG_ENABLE_OBJC_ARC = YES;
				CLANG_ENABLE_OBJC_WEAK = YES;
				CLANG_WARN_BLOCK_CAPTURE_AUTORELEASING = YES;
				CLANG_WARN_BOOL_CONVERSION = YES;
				CLANG_WARN_COMMA = YES;
				CLANG_WARN_CONSTANT_CONVERSION = YES;
				CLANG_WARN_DEPRECATED_OBJC_IMPLEMENTATIONS = YES;
				CLANG_WARN_DIRECT_OBJC_ISA_USAGE = YES_ERROR;
				CLANG_WARN_DOCUMENTATION_COMMENTS = YES;
				CLANG_WARN_EMPTY_BODY = YES;
				CLANG_WARN_ENUM_CONVERSION = YES;
				CLANG_WARN_INFINITE_RECURSION = YES;
				CLANG_WARN_INT_CONVERSION = YES;
				CLANG_WARN_NON_LITERAL_NULL_CONVERSION = YES;
				CLANG_WARN_OBJC_IMPLICIT_RETAIN_SELF = YES;
				CLANG_WARN_OBJC_LITERAL_CONVERSION = YES;
				CLANG_WARN_OBJC_ROOT_CLASS = YES_ERROR;
				CLANG_WARN_QUOTED_INCLUDE_IN_FRAMEWORK_HEADER = YES;
				CLANG_WARN_RANGE_LOOP_ANALYSIS = YES;
				CLANG_WARN_STRICT_PROTOTYPES = YES;
				CLANG_WARN_SUSPICIOUS_MOVE = YES;
				CLANG_WARN_UNGUARDED_AVAILABILITY = YES_AGGRESSIVE;
				CLANG_WARN_UNREACHABLE_CODE = YES;
				CLANG_WARN__DUPLICATE_METHOD_MATCH = YES;
				COPY_PHASE_STRIP = NO;
				DEBUG_INFORMATION_FORMAT = dwarf;
				ENABLE_STRICT_OBJC_MSGSEND = YES;
				ENABLE_TESTABILITY = YES;
				GCC_C_LANGUAGE_STANDARD = gnu11;
				GCC_DYNAMIC_NO_PIC = NO;
				GCC_NO_COMMON_BLOCKS = YES;
				GCC_OPTIMIZATION_LEVEL = 0;
				GCC_PREPROCESSOR_DEFINITIONS = (
					"DEBUG=1",
					"$(inherited)",
				);
				GCC_WARN_64_TO_32_BIT_CONVERSION = YES;
				GCC_WARN_ABOUT_RETURN_TYPE = YES_ERROR;
				GCC_WARN_UNDECLARED_SELECTOR = YES;
				GCC_WARN_UNINITIALIZED_AUTOS = YES_AGGRESSIVE;
				GCC_WARN_UNUSED_FUNCTION = YES;
				GCC_WARN_UNUSED_VARIABLE = YES;
				IPHONEOS_DEPLOYMENT_TARGET = 15.2;
				MTL_ENABLE_DEBUG_INFO = INCLUDE_SOURCE;
				MTL_FAST_MATH = YES;
				ONLY_ACTIVE_ARCH = YES;
				SDKROOT = iphoneos;
				SWIFT_ACTIVE_COMPILATION_CONDITIONS = DEBUG;
				SWIFT_OPTIMIZATION_LEVEL = "-Onone";
			};
			name = Debug;
		};
		EEC9DC9027DB804000AF9C3F /* Release */ = {
			isa = XCBuildConfiguration;
			buildSettings = {
				ALWAYS_SEARCH_USER_PATHS = NO;
				CLANG_ANALYZER_NONNULL = YES;
				CLANG_ANALYZER_NUMBER_OBJECT_CONVERSION = YES_AGGRESSIVE;
				CLANG_CXX_LANGUAGE_STANDARD = "gnu++17";
				CLANG_CXX_LIBRARY = "libc++";
				CLANG_ENABLE_MODULES = YES;
				CLANG_ENABLE_OBJC_ARC = YES;
				CLANG_ENABLE_OBJC_WEAK = YES;
				CLANG_WARN_BLOCK_CAPTURE_AUTORELEASING = YES;
				CLANG_WARN_BOOL_CONVERSION = YES;
				CLANG_WARN_COMMA = YES;
				CLANG_WARN_CONSTANT_CONVERSION = YES;
				CLANG_WARN_DEPRECATED_OBJC_IMPLEMENTATIONS = YES;
				CLANG_WARN_DIRECT_OBJC_ISA_USAGE = YES_ERROR;
				CLANG_WARN_DOCUMENTATION_COMMENTS = YES;
				CLANG_WARN_EMPTY_BODY = YES;
				CLANG_WARN_ENUM_CONVERSION = YES;
				CLANG_WARN_INFINITE_RECURSION = YES;
				CLANG_WARN_INT_CONVERSION = YES;
				CLANG_WARN_NON_LITERAL_NULL_CONVERSION = YES;
				CLANG_WARN_OBJC_IMPLICIT_RETAIN_SELF = YES;
				CLANG_WARN_OBJC_LITERAL_CONVERSION = YES;
				CLANG_WARN_OBJC_ROOT_CLASS = YES_ERROR;
				CLANG_WARN_QUOTED_INCLUDE_IN_FRAMEWORK_HEADER = YES;
				CLANG_WARN_RANGE_LOOP_ANALYSIS = YES;
				CLANG_WARN_STRICT_PROTOTYPES = YES;
				CLANG_WARN_SUSPICIOUS_MOVE = YES;
				CLANG_WARN_UNGUARDED_AVAILABILITY = YES_AGGRESSIVE;
				CLANG_WARN_UNREACHABLE_CODE = YES;
				CLANG_WARN__DUPLICATE_METHOD_MATCH = YES;
				COPY_PHASE_STRIP = NO;
				DEBUG_INFORMATION_FORMAT = "dwarf-with-dsym";
				ENABLE_NS_ASSERTIONS = NO;
				ENABLE_STRICT_OBJC_MSGSEND = YES;
				GCC_C_LANGUAGE_STANDARD = gnu11;
				GCC_NO_COMMON_BLOCKS = YES;
				GCC_WARN_64_TO_32_BIT_CONVERSION = YES;
				GCC_WARN_ABOUT_RETURN_TYPE = YES_ERROR;
				GCC_WARN_UNDECLARED_SELECTOR = YES;
				GCC_WARN_UNINITIALIZED_AUTOS = YES_AGGRESSIVE;
				GCC_WARN_UNUSED_FUNCTION = YES;
				GCC_WARN_UNUSED_VARIABLE = YES;
				IPHONEOS_DEPLOYMENT_TARGET = 15.2;
				MTL_ENABLE_DEBUG_INFO = NO;
				MTL_FAST_MATH = YES;
				SDKROOT = iphoneos;
				SWIFT_COMPILATION_MODE = wholemodule;
				SWIFT_OPTIMIZATION_LEVEL = "-O";
				VALIDATE_PRODUCT = YES;
			};
			name = Release;
		};
		EEC9DC9227DB804000AF9C3F /* Debug */ = {
			isa = XCBuildConfiguration;
			buildSettings = {
				ASSETCATALOG_COMPILER_APPICON_NAME = AppIcon;
				ASSETCATALOG_COMPILER_GLOBAL_ACCENT_COLOR_NAME = AccentColor;
				CODE_SIGN_STYLE = Automatic;
				CURRENT_PROJECT_VERSION = 1;
				DEVELOPMENT_ASSET_PATHS = "\"NextFlix-Swift/Preview Content\"";
				DEVELOPMENT_TEAM = TV9Y84UANV;
				ENABLE_PREVIEWS = YES;
				GENERATE_INFOPLIST_FILE = YES;
				INFOPLIST_KEY_UIApplicationSceneManifest_Generation = YES;
				INFOPLIST_KEY_UIApplicationSupportsIndirectInputEvents = YES;
				INFOPLIST_KEY_UILaunchScreen_Generation = YES;
				INFOPLIST_KEY_UISupportedInterfaceOrientations_iPad = "UIInterfaceOrientationPortrait UIInterfaceOrientationPortraitUpsideDown UIInterfaceOrientationLandscapeLeft UIInterfaceOrientationLandscapeRight";
				INFOPLIST_KEY_UISupportedInterfaceOrientations_iPhone = "UIInterfaceOrientationPortrait UIInterfaceOrientationLandscapeLeft UIInterfaceOrientationLandscapeRight";
				LD_RUNPATH_SEARCH_PATHS = (
					"$(inherited)",
					"@executable_path/Frameworks",
				);
				MARKETING_VERSION = 1.0;
				PRODUCT_BUNDLE_IDENTIFIER = "com.talhafaki.NextFlix-Swift";
				PRODUCT_NAME = "$(TARGET_NAME)";
				SWIFT_EMIT_LOC_STRINGS = YES;
				SWIFT_VERSION = 5.0;
				TARGETED_DEVICE_FAMILY = "1,2";
			};
			name = Debug;
		};
		EEC9DC9327DB804000AF9C3F /* Release */ = {
			isa = XCBuildConfiguration;
			buildSettings = {
				ASSETCATALOG_COMPILER_APPICON_NAME = AppIcon;
				ASSETCATALOG_COMPILER_GLOBAL_ACCENT_COLOR_NAME = AccentColor;
				CODE_SIGN_STYLE = Automatic;
				CURRENT_PROJECT_VERSION = 1;
				DEVELOPMENT_ASSET_PATHS = "\"NextFlix-Swift/Preview Content\"";
				DEVELOPMENT_TEAM = TV9Y84UANV;
				ENABLE_PREVIEWS = YES;
				GENERATE_INFOPLIST_FILE = YES;
				INFOPLIST_KEY_UIApplicationSceneManifest_Generation = YES;
				INFOPLIST_KEY_UIApplicationSupportsIndirectInputEvents = YES;
				INFOPLIST_KEY_UILaunchScreen_Generation = YES;
				INFOPLIST_KEY_UISupportedInterfaceOrientations_iPad = "UIInterfaceOrientationPortrait UIInterfaceOrientationPortraitUpsideDown UIInterfaceOrientationLandscapeLeft UIInterfaceOrientationLandscapeRight";
				INFOPLIST_KEY_UISupportedInterfaceOrientations_iPhone = "UIInterfaceOrientationPortrait UIInterfaceOrientationLandscapeLeft UIInterfaceOrientationLandscapeRight";
				LD_RUNPATH_SEARCH_PATHS = (
					"$(inherited)",
					"@executable_path/Frameworks",
				);
				MARKETING_VERSION = 1.0;
				PRODUCT_BUNDLE_IDENTIFIER = "com.talhafaki.NextFlix-Swift";
				PRODUCT_NAME = "$(TARGET_NAME)";
				SWIFT_EMIT_LOC_STRINGS = YES;
				SWIFT_VERSION = 5.0;
				TARGETED_DEVICE_FAMILY = "1,2";
			};
			name = Release;
		};
		EEC9DC9527DB804000AF9C3F /* Debug */ = {
			isa = XCBuildConfiguration;
			buildSettings = {
				ALWAYS_EMBED_SWIFT_STANDARD_LIBRARIES = YES;
				BUNDLE_LOADER = "$(TEST_HOST)";
				CODE_SIGN_STYLE = Automatic;
				CURRENT_PROJECT_VERSION = 1;
				DEVELOPMENT_TEAM = TV9Y84UANV;
				GENERATE_INFOPLIST_FILE = YES;
				IPHONEOS_DEPLOYMENT_TARGET = 15.2;
				MARKETING_VERSION = 1.0;
				PRODUCT_BUNDLE_IDENTIFIER = "com.talhafaki.NextFlix-SwiftTests";
				PRODUCT_NAME = "$(TARGET_NAME)";
				SWIFT_EMIT_LOC_STRINGS = NO;
				SWIFT_VERSION = 5.0;
				TARGETED_DEVICE_FAMILY = "1,2";
				TEST_HOST = "$(BUILT_PRODUCTS_DIR)/NextFlix-Swift.app/NextFlix-Swift";
			};
			name = Debug;
		};
		EEC9DC9627DB804000AF9C3F /* Release */ = {
			isa = XCBuildConfiguration;
			buildSettings = {
				ALWAYS_EMBED_SWIFT_STANDARD_LIBRARIES = YES;
				BUNDLE_LOADER = "$(TEST_HOST)";
				CODE_SIGN_STYLE = Automatic;
				CURRENT_PROJECT_VERSION = 1;
				DEVELOPMENT_TEAM = TV9Y84UANV;
				GENERATE_INFOPLIST_FILE = YES;
				IPHONEOS_DEPLOYMENT_TARGET = 15.2;
				MARKETING_VERSION = 1.0;
				PRODUCT_BUNDLE_IDENTIFIER = "com.talhafaki.NextFlix-SwiftTests";
				PRODUCT_NAME = "$(TARGET_NAME)";
				SWIFT_EMIT_LOC_STRINGS = NO;
				SWIFT_VERSION = 5.0;
				TARGETED_DEVICE_FAMILY = "1,2";
				TEST_HOST = "$(BUILT_PRODUCTS_DIR)/NextFlix-Swift.app/NextFlix-Swift";
			};
			name = Release;
		};
		EEC9DC9827DB804000AF9C3F /* Debug */ = {
			isa = XCBuildConfiguration;
			buildSettings = {
				ALWAYS_EMBED_SWIFT_STANDARD_LIBRARIES = YES;
				CODE_SIGN_STYLE = Automatic;
				CURRENT_PROJECT_VERSION = 1;
				DEVELOPMENT_TEAM = TV9Y84UANV;
				GENERATE_INFOPLIST_FILE = YES;
				MARKETING_VERSION = 1.0;
				PRODUCT_BUNDLE_IDENTIFIER = "com.talhafaki.NextFlix-SwiftUITests";
				PRODUCT_NAME = "$(TARGET_NAME)";
				SWIFT_EMIT_LOC_STRINGS = NO;
				SWIFT_VERSION = 5.0;
				TARGETED_DEVICE_FAMILY = "1,2";
				TEST_TARGET_NAME = "NextFlix-Swift";
			};
			name = Debug;
		};
		EEC9DC9927DB804000AF9C3F /* Release */ = {
			isa = XCBuildConfiguration;
			buildSettings = {
				ALWAYS_EMBED_SWIFT_STANDARD_LIBRARIES = YES;
				CODE_SIGN_STYLE = Automatic;
				CURRENT_PROJECT_VERSION = 1;
				DEVELOPMENT_TEAM = TV9Y84UANV;
				GENERATE_INFOPLIST_FILE = YES;
				MARKETING_VERSION = 1.0;
				PRODUCT_BUNDLE_IDENTIFIER = "com.talhafaki.NextFlix-SwiftUITests";
				PRODUCT_NAME = "$(TARGET_NAME)";
				SWIFT_EMIT_LOC_STRINGS = NO;
				SWIFT_VERSION = 5.0;
				TARGETED_DEVICE_FAMILY = "1,2";
				TEST_TARGET_NAME = "NextFlix-Swift";
			};
			name = Release;
		};
/* End XCBuildConfiguration section */

/* Begin XCConfigurationList section */
		EEC9DC6327DB803B00AF9C3F /* Build configuration list for PBXProject "NextFlix-Swift" */ = {
			isa = XCConfigurationList;
			buildConfigurations = (
				EEC9DC8F27DB804000AF9C3F /* Debug */,
				EEC9DC9027DB804000AF9C3F /* Release */,
			);
			defaultConfigurationIsVisible = 0;
			defaultConfigurationName = Release;
		};
		EEC9DC9127DB804000AF9C3F /* Build configuration list for PBXNativeTarget "NextFlix-Swift" */ = {
			isa = XCConfigurationList;
			buildConfigurations = (
				EEC9DC9227DB804000AF9C3F /* Debug */,
				EEC9DC9327DB804000AF9C3F /* Release */,
			);
			defaultConfigurationIsVisible = 0;
			defaultConfigurationName = Release;
		};
		EEC9DC9427DB804000AF9C3F /* Build configuration list for PBXNativeTarget "NextFlix-SwiftTests" */ = {
			isa = XCConfigurationList;
			buildConfigurations = (
				EEC9DC9527DB804000AF9C3F /* Debug */,
				EEC9DC9627DB804000AF9C3F /* Release */,
			);
			defaultConfigurationIsVisible = 0;
			defaultConfigurationName = Release;
		};
		EEC9DC9727DB804000AF9C3F /* Build configuration list for PBXNativeTarget "NextFlix-SwiftUITests" */ = {
			isa = XCConfigurationList;
			buildConfigurations = (
				EEC9DC9827DB804000AF9C3F /* Debug */,
				EEC9DC9927DB804000AF9C3F /* Release */,
			);
			defaultConfigurationIsVisible = 0;
			defaultConfigurationName = Release;
		};
/* End XCConfigurationList section */

/* Begin XCVersionGroup section */
		EEC9DC7627DB804000AF9C3F /* NextFlix_Swift.xcdatamodeld */ = {
			isa = XCVersionGroup;
			children = (
				EEC9DC7727DB804000AF9C3F /* NextFlix_Swift.xcdatamodel */,
			);
			currentVersion = EEC9DC7727DB804000AF9C3F /* NextFlix_Swift.xcdatamodel */;
			path = NextFlix_Swift.xcdatamodeld;
			sourceTree = "<group>";
			versionGroupType = wrapper.xcdatamodel;
		};
/* End XCVersionGroup section */
	};
	rootObject = EEC9DC6027DB803B00AF9C3F /* Project object */;
}
